
Microsoft Visual Studio Solution File, Format Version 10.00
# Visual Studio 2008
Project("{FAE04EC0-301F-11D3-BF4B-00C04F79EFBC}") = "ServerGUI_Tanks367", "ServerGUI_Tanks367\ServerGUI_Tanks367.csproj", "{5FE58B53-D927-40AF-A2EF-D1E96FC803E5}"
EndProject
Global
	GlobalSection(SolutionConfigurationPlatforms) = preSolution
		Debug|Any CPU = Debug|Any CPU
		Release|Any CPU = Release|Any CPU
	EndGlobalSection
	GlobalSection(ProjectConfigurationPlatforms) = postSolution
		{5FE58B53-D927-40AF-A2EF-D1E96FC803E5}.Debug|Any CPU.ActiveCfg = Debug|Any CPU
		{5FE58B53-D927-40AF-A2EF-D1E96FC803E5}.Debug|Any CPU.Build.0 = Debug|Any CPU
		{5FE58B53-D927-40AF-A2EF-D1E96FC803E5}.Release|Any CPU.ActiveCfg = Release|Any CPU
		{5FE58B53-D927-40AF-A2EF-D1E96FC803E5}.Release|Any CPU.Build.0 = Release|Any CPU
	EndGlobalSection
	GlobalSection(SolutionProperties) = preSolution
		HideSolutionNode = FALSE
	EndGlobalSection
EndGlobal
